
Microsoft Visual Studio Solution File, Format Version 12.00
# Visual Studio Version 16
VisualStudioVersion = 16.0.31624.102
MinimumVisualStudioVersion = 10.0.40219.1
Project("{9A19103F-16F7-4668-BE54-9A1E7A4F7556}") = "Task1", "Task1\Task1.csproj", "{42F0CBD9-B6E6-4F6D-8A93-57976ABF463D}"
EndProject
Project("{9A19103F-16F7-4668-BE54-9A1E7A4F7556}") = "Task2", "Task2\Task2.csproj", "{3E1062C8-9FC3-450B-85A5-13BFE2D5E848}"
EndProject
Project("{FAE04EC0-301F-11D3-BF4B-00C04F79EFBC}") = "Task3", "Task3\Task3.csproj", "{7B37375B-2D9F-4F25-80A5-C6A3BA9C63FB}"
EndProject
Global
	GlobalSection(SolutionConfigurationPlatforms) = preSolution
		Debug|Any CPU = Debug|Any CPU
		Release|Any CPU = Release|Any CPU
	EndGlobalSection
	GlobalSection(ProjectConfigurationPlatforms) = postSolution
		{42F0CBD9-B6E6-4F6D-8A93-57976ABF463D}.Debug|Any CPU.ActiveCfg = Debug|Any CPU
		{42F0CBD9-B6E6-4F6D-8A93-57976ABF463D}.Debug|Any CPU.Build.0 = Debug|Any CPU
		{42F0CBD9-B6E6-4F6D-8A93-57976ABF463D}.Release|Any CPU.ActiveCfg = Release|Any CPU
		{42F0CBD9-B6E6-4F6D-8A93-57976ABF463D}.Release|Any CPU.Build.0 = Release|Any CPU
		{3E1062C8-9FC3-450B-85A5-13BFE2D5E848}.Debug|Any CPU.ActiveCfg = Debug|Any CPU
		{3E1062C8-9FC3-450B-85A5-13BFE2D5E848}.Debug|Any CPU.Build.0 = Debug|Any CPU
		{3E1062C8-9FC3-450B-85A5-13BFE2D5E848}.Release|Any CPU.ActiveCfg = Release|Any CPU
		{3E1062C8-9FC3-450B-85A5-13BFE2D5E848}.Release|Any CPU.Build.0 = Release|Any CPU
		{7B37375B-2D9F-4F25-80A5-C6A3BA9C63FB}.Debug|Any CPU.ActiveCfg = Debug|Any CPU
		{7B37375B-2D9F-4F25-80A5-C6A3BA9C63FB}.Debug|Any CPU.Build.0 = Debug|Any CPU
		{7B37375B-2D9F-4F25-80A5-C6A3BA9C63FB}.Release|Any CPU.ActiveCfg = Release|Any CPU
		{7B37375B-2D9F-4F25-80A5-C6A3BA9C63FB}.Release|Any CPU.Build.0 = Release|Any CPU
	EndGlobalSection
	GlobalSection(SolutionProperties) = preSolution
		HideSolutionNode = FALSE
	EndGlobalSection
	GlobalSection(ExtensibilityGlobals) = postSolution
		SolutionGuid = {05452CC8-8B97-42DA-B769-2E1A24068CDB}
	EndGlobalSection
EndGlobal
